# This file was autogenerated by Stack.
# You should not edit this file by hand.
# For more information, please see the documentation at:
#   https://docs.haskellstack.org/en/stable/lock_files

packages: []
snapshots:
- completed:
    sha256: ac601971f4bb57178b6681dd0c73e4627a48dd11fb2acfb185b3ca139e506080
    size: 364928
    url: https://raw.githubusercontent.com/commercialhaskell/stackage-snapshots/master/nightly/2017/7/31.yaml
  original: nightly-2017-07-31
